
Microsoft Visual Studio Solution File, Format Version 12.00
# Visual Studio Version 16
VisualStudioVersion = 16.0.29318.209
MinimumVisualStudioVersion = 10.0.40219.1
Project("{8BC9CEB8-8B4A-11D0-8D11-00A0C91BC942}") = "acov2", "acov2\acov2.vcxproj", "{4969041D-FF2B-40DB-BF7F-6DBB072989B9}"
EndProject
Global
	GlobalSection(SolutionConfigurationPlatforms) = preSolution
		Debug|x64 = Debug|x64
		Debug|x86 = Debug|x86
		Release|x64 = Release|x64
		Release|x86 = Release|x86
	EndGlobalSection
	GlobalSection(ProjectConfigurationPlatforms) = postSolution
		{4969041D-FF2B-40DB-BF7F-6DBB072989B9}.Debug|x64.ActiveCfg = Debug|x64
		{4969041D-FF2B-40DB-BF7F-6DBB072989B9}.Debug|x64.Build.0 = Debug|x64
		{4969041D-FF2B-40DB-BF7F-6DBB072989B9}.Debug|x86.ActiveCfg = Debug|Win32
		{4969041D-FF2B-40DB-BF7F-6DBB072989B9}.Debug|x86.Build.0 = Debug|Win32
		{4969041D-FF2B-40DB-BF7F-6DBB072989B9}.Release|x64.ActiveCfg = Release|x64
		{4969041D-FF2B-40DB-BF7F-6DBB072989B9}.Release|x64.Build.0 = Release|x64
		{4969041D-FF2B-40DB-BF7F-6DBB072989B9}.Release|x86.ActiveCfg = Release|Win32
		{4969041D-FF2B-40DB-BF7F-6DBB072989B9}.Release|x86.Build.0 = Release|Win32
	EndGlobalSection
	GlobalSection(SolutionProperties) = preSolution
		HideSolutionNode = FALSE
	EndGlobalSection
	GlobalSection(ExtensibilityGlobals) = postSolution
		SolutionGuid = {5FE43AF0-DC2E-46CF-833D-778FEC19215C}
	EndGlobalSection
EndGlobal
