
Microsoft Visual Studio Solution File, Format Version 12.00
# Visual Studio 15
VisualStudioVersion = 15.0.28010.2026
MinimumVisualStudioVersion = 10.0.40219.1
Project("{FAE04EC0-301F-11D3-BF4B-00C04F79EFBC}") = "laba4dot", "laba4dot\laba4dot.csproj", "{AF5CDB1B-1365-4AC3-85B7-622C63612D3F}"
EndProject
Global
	GlobalSection(SolutionConfigurationPlatforms) = preSolution
		Debug|Any CPU = Debug|Any CPU
		Release|Any CPU = Release|Any CPU
	EndGlobalSection
	GlobalSection(ProjectConfigurationPlatforms) = postSolution
		{AF5CDB1B-1365-4AC3-85B7-622C63612D3F}.Debug|Any CPU.ActiveCfg = Debug|Any CPU
		{AF5CDB1B-1365-4AC3-85B7-622C63612D3F}.Debug|Any CPU.Build.0 = Debug|Any CPU
		{AF5CDB1B-1365-4AC3-85B7-622C63612D3F}.Release|Any CPU.ActiveCfg = Release|Any CPU
		{AF5CDB1B-1365-4AC3-85B7-622C63612D3F}.Release|Any CPU.Build.0 = Release|Any CPU
	EndGlobalSection
	GlobalSection(SolutionProperties) = preSolution
		HideSolutionNode = FALSE
	EndGlobalSection
	GlobalSection(ExtensibilityGlobals) = postSolution
		SolutionGuid = {6AF3DE87-DCB7-42F7-91EB-965C40CD9AC0}
	EndGlobalSection
EndGlobal
