
Microsoft Visual Studio Solution File, Format Version 12.00
# Visual Studio 15
VisualStudioVersion = 15.0.28307.489
MinimumVisualStudioVersion = 10.0.40219.1
Project("{8BC9CEB8-8B4A-11D0-8D11-00A0C91BC942}") = "lexa", "lexa\lexa.vcxproj", "{FEF32B69-8E3E-42F5-B784-D694535E494D}"
EndProject
Global
	GlobalSection(SolutionConfigurationPlatforms) = preSolution
		Debug|x64 = Debug|x64
		Debug|x86 = Debug|x86
		Release|x64 = Release|x64
		Release|x86 = Release|x86
	EndGlobalSection
	GlobalSection(ProjectConfigurationPlatforms) = postSolution
		{FEF32B69-8E3E-42F5-B784-D694535E494D}.Debug|x64.ActiveCfg = Debug|x64
		{FEF32B69-8E3E-42F5-B784-D694535E494D}.Debug|x64.Build.0 = Debug|x64
		{FEF32B69-8E3E-42F5-B784-D694535E494D}.Debug|x86.ActiveCfg = Debug|Win32
		{FEF32B69-8E3E-42F5-B784-D694535E494D}.Debug|x86.Build.0 = Debug|Win32
		{FEF32B69-8E3E-42F5-B784-D694535E494D}.Release|x64.ActiveCfg = Release|x64
		{FEF32B69-8E3E-42F5-B784-D694535E494D}.Release|x64.Build.0 = Release|x64
		{FEF32B69-8E3E-42F5-B784-D694535E494D}.Release|x86.ActiveCfg = Release|Win32
		{FEF32B69-8E3E-42F5-B784-D694535E494D}.Release|x86.Build.0 = Release|Win32
	EndGlobalSection
	GlobalSection(SolutionProperties) = preSolution
		HideSolutionNode = FALSE
	EndGlobalSection
	GlobalSection(ExtensibilityGlobals) = postSolution
		SolutionGuid = {92009335-9E49-4E12-8500-B6BD080E1FA1}
	EndGlobalSection
EndGlobal
