
Microsoft Visual Studio Solution File, Format Version 12.00
# Visual Studio 15
VisualStudioVersion = 15.0.27703.2047
MinimumVisualStudioVersion = 10.0.40219.1
Project("{FAE04EC0-301F-11D3-BF4B-00C04F79EFBC}") = "Server", "Server\Server.csproj", "{4D21383A-1AD0-486D-98CC-E741602FFB42}"
EndProject
Global
	GlobalSection(SolutionConfigurationPlatforms) = preSolution
		Debug|Any CPU = Debug|Any CPU
		Release|Any CPU = Release|Any CPU
	EndGlobalSection
	GlobalSection(ProjectConfigurationPlatforms) = postSolution
		{4D21383A-1AD0-486D-98CC-E741602FFB42}.Debug|Any CPU.ActiveCfg = Debug|Any CPU
		{4D21383A-1AD0-486D-98CC-E741602FFB42}.Debug|Any CPU.Build.0 = Debug|Any CPU
		{4D21383A-1AD0-486D-98CC-E741602FFB42}.Release|Any CPU.ActiveCfg = Release|Any CPU
		{4D21383A-1AD0-486D-98CC-E741602FFB42}.Release|Any CPU.Build.0 = Release|Any CPU
	EndGlobalSection
	GlobalSection(SolutionProperties) = preSolution
		HideSolutionNode = FALSE
	EndGlobalSection
	GlobalSection(ExtensibilityGlobals) = postSolution
		SolutionGuid = {32B625F9-56CC-4521-9FA8-8A490D8D6217}
	EndGlobalSection
EndGlobal
