
Microsoft Visual Studio Solution File, Format Version 12.00
# Visual Studio 15
VisualStudioVersion = 15.0.28307.489
MinimumVisualStudioVersion = 10.0.40219.1
Project("{8BC9CEB8-8B4A-11D0-8D11-00A0C91BC942}") = "Class diagram", "Class diagram\Class diagram.vcxproj", "{57CD2374-B987-491A-B4D1-4D051E6CFCA5}"
EndProject
Global
	GlobalSection(SolutionConfigurationPlatforms) = preSolution
		Debug|x64 = Debug|x64
		Debug|x86 = Debug|x86
		Release|x64 = Release|x64
		Release|x86 = Release|x86
	EndGlobalSection
	GlobalSection(ProjectConfigurationPlatforms) = postSolution
		{57CD2374-B987-491A-B4D1-4D051E6CFCA5}.Debug|x64.ActiveCfg = Debug|x64
		{57CD2374-B987-491A-B4D1-4D051E6CFCA5}.Debug|x64.Build.0 = Debug|x64
		{57CD2374-B987-491A-B4D1-4D051E6CFCA5}.Debug|x86.ActiveCfg = Debug|Win32
		{57CD2374-B987-491A-B4D1-4D051E6CFCA5}.Debug|x86.Build.0 = Debug|Win32
		{57CD2374-B987-491A-B4D1-4D051E6CFCA5}.Release|x64.ActiveCfg = Release|x64
		{57CD2374-B987-491A-B4D1-4D051E6CFCA5}.Release|x64.Build.0 = Release|x64
		{57CD2374-B987-491A-B4D1-4D051E6CFCA5}.Release|x86.ActiveCfg = Release|Win32
		{57CD2374-B987-491A-B4D1-4D051E6CFCA5}.Release|x86.Build.0 = Release|Win32
	EndGlobalSection
	GlobalSection(SolutionProperties) = preSolution
		HideSolutionNode = FALSE
	EndGlobalSection
	GlobalSection(ExtensibilityGlobals) = postSolution
		SolutionGuid = {5A8F16EA-0670-4BE5-ACBF-FF73B2D15DA8}
	EndGlobalSection
EndGlobal
